// !$*UTF8*$!
{
	archiveVersion = 1;
	classes = {
	};
	objectVersion = 50;
	objects = {

/* Begin PBXBuildFile section */
		194ABCD4243000370052F103 /* AppDelegate.swift in Sources */ = {isa = PBXBuildFile; fileRef = 194ABCD3243000370052F103 /* AppDelegate.swift */; };
		194ABCD6243000370052F103 /* SceneDelegate.swift in Sources */ = {isa = PBXBuildFile; fileRef = 194ABCD5243000370052F103 /* SceneDelegate.swift */; };
		194ABCD8243000370052F103 /* ContentView.swift in Sources */ = {isa = PBXBuildFile; fileRef = 194ABCD7243000370052F103 /* ContentView.swift */; };
		194ABCDA2430003A0052F103 /* Assets.xcassets in Resources */ = {isa = PBXBuildFile; fileRef = 194ABCD92430003A0052F103 /* Assets.xcassets */; };
		194ABCDD2430003A0052F103 /* Preview Assets.xcassets in Resources */ = {isa = PBXBuildFile; fileRef = 194ABCDC2430003A0052F103 /* Preview Assets.xcassets */; };
		194ABCE02430003A0052F103 /* LaunchScreen.storyboard in Resources */ = {isa = PBXBuildFile; fileRef = 194ABCDE2430003A0052F103 /* LaunchScreen.storyboard */; };
		194ABCEA2430127D0052F103 /* Model.swift in Sources */ = {isa = PBXBuildFile; fileRef = 194ABCE92430127D0052F103 /* Model.swift */; };
		19A045FB243262DD0064D384 /* CSVManager.swift in Sources */ = {isa = PBXBuildFile; fileRef = 19A045FA243262DD0064D384 /* CSVManager.swift */; };
		19A045FE243265740064D384 /* CardCCAAView.swift in Sources */ = {isa = PBXBuildFile; fileRef = 19A045FD243265740064D384 /* CardCCAAView.swift */; };
		19A04600243268D50064D384 /* EmergencyCallView.swift in Sources */ = {isa = PBXBuildFile; fileRef = 19A045FF243268D50064D384 /* EmergencyCallView.swift */; };
		19A0460324326FD50064D384 /* CurrentStateView.swift in Sources */ = {isa = PBXBuildFile; fileRef = 19A0460224326FD50064D384 /* CurrentStateView.swift */; };
/* End PBXBuildFile section */

/* Begin PBXFileReference section */
		194ABCD0243000370052F103 /* InformateEnCasa.app */ = {isa = PBXFileReference; explicitFileType = wrapper.application; includeInIndex = 0; path = InformateEnCasa.app; sourceTree = BUILT_PRODUCTS_DIR; };
		194ABCD3243000370052F103 /* AppDelegate.swift */ = {isa = PBXFileReference; lastKnownFileType = sourcecode.swift; path = AppDelegate.swift; sourceTree = "<group>"; };
		194ABCD5243000370052F103 /* SceneDelegate.swift */ = {isa = PBXFileReference; lastKnownFileType = sourcecode.swift; path = SceneDelegate.swift; sourceTree = "<group>"; };
		194ABCD7243000370052F103 /* ContentView.swift */ = {isa = PBXFileReference; lastKnownFileType = sourcecode.swift; path = ContentView.swift; sourceTree = "<group>"; };
		194ABCD92430003A0052F103 /* Assets.xcassets */ = {isa = PBXFileReference; lastKnownFileType = folder.assetcatalog; path = Assets.xcassets; sourceTree = "<group>"; };
		194ABCDC2430003A0052F103 /* Preview Assets.xcassets */ = {isa = PBXFileReference; lastKnownFileType = folder.assetcatalog; path = "Preview Assets.xcassets"; sourceTree = "<group>"; };
		194ABCDF2430003A0052F103 /* Base */ = {isa = PBXFileReference; lastKnownFileType = file.storyboard; name = Base; path = Base.lproj/LaunchScreen.storyboard; sourceTree = "<group>"; };
		194ABCE12430003A0052F103 /* Info.plist */ = {isa = PBXFileReference; lastKnownFileType = text.plist.xml; path = Info.plist; sourceTree = "<group>"; };
		194ABCE92430127D0052F103 /* Model.swift */ = {isa = PBXFileReference; lastKnownFileType = sourcecode.swift; path = Model.swift; sourceTree = "<group>"; };
		19A045FA243262DD0064D384 /* CSVManager.swift */ = {isa = PBXFileReference; lastKnownFileType = sourcecode.swift; path = CSVManager.swift; sourceTree = "<group>"; };
		19A045FD243265740064D384 /* CardCCAAView.swift */ = {isa = PBXFileReference; lastKnownFileType = sourcecode.swift; path = CardCCAAView.swift; sourceTree = "<group>"; };
		19A045FF243268D50064D384 /* EmergencyCallView.swift */ = {isa = PBXFileReference; lastKnownFileType = sourcecode.swift; path = EmergencyCallView.swift; sourceTree = "<group>"; };
		19A0460224326FD50064D384 /* CurrentStateView.swift */ = {isa = PBXFileReference; lastKnownFileType = sourcecode.swift; path = CurrentStateView.swift; sourceTree = "<group>"; };
/* End PBXFileReference section */

/* Begin PBXFrameworksBuildPhase section */
		194ABCCD243000370052F103 /* Frameworks */ = {
			isa = PBXFrameworksBuildPhase;
			buildActionMask = 2147483647;
			files = (
			);
			runOnlyForDeploymentPostprocessing = 0;
		};
/* End PBXFrameworksBuildPhase section */

/* Begin PBXGroup section */
		194ABCC7243000370052F103 = {
			isa = PBXGroup;
			children = (
				194ABCD2243000370052F103 /* InformateEnCasa */,
				194ABCD1243000370052F103 /* Products */,
			);
			sourceTree = "<group>";
		};
		194ABCD1243000370052F103 /* Products */ = {
			isa = PBXGroup;
			children = (
				194ABCD0243000370052F103 /* InformateEnCasa.app */,
			);
			name = Products;
			sourceTree = "<group>";
		};
		194ABCD2243000370052F103 /* InformateEnCasa */ = {
			isa = PBXGroup;
			children = (
				194ABCD3243000370052F103 /* AppDelegate.swift */,
				194ABCD5243000370052F103 /* SceneDelegate.swift */,
				194ABCD7243000370052F103 /* ContentView.swift */,
				19A04601243269BE0064D384 /* Emergency Call */,
				19A0460424326FE80064D384 /* Current State */,
				19A045FC243265530064D384 /* Custom Views */,
				194ABCD92430003A0052F103 /* Assets.xcassets */,
				194ABCDE2430003A0052F103 /* LaunchScreen.storyboard */,
				194ABCE12430003A0052F103 /* Info.plist */,
				194ABCDB2430003A0052F103 /* Preview Content */,
				194ABCE92430127D0052F103 /* Model.swift */,
				19A045F9243262CC0064D384 /* Manager */,
			);
			path = InformateEnCasa;
			sourceTree = "<group>";
		};
		194ABCDB2430003A0052F103 /* Preview Content */ = {
			isa = PBXGroup;
			children = (
				194ABCDC2430003A0052F103 /* Preview Assets.xcassets */,
			);
			path = "Preview Content";
			sourceTree = "<group>";
		};
		19A045F9243262CC0064D384 /* Manager */ = {
			isa = PBXGroup;
			children = (
				19A045FA243262DD0064D384 /* CSVManager.swift */,
			);
			path = Manager;
			sourceTree = "<group>";
		};
		19A045FC243265530064D384 /* Custom Views */ = {
			isa = PBXGroup;
			children = (
				19A045FD243265740064D384 /* CardCCAAView.swift */,
			);
			path = "Custom Views";
			sourceTree = "<group>";
		};
		19A04601243269BE0064D384 /* Emergency Call */ = {
			isa = PBXGroup;
			children = (
				19A045FF243268D50064D384 /* EmergencyCallView.swift */,
			);
			path = "Emergency Call";
			sourceTree = "<group>";
		};
		19A0460424326FE80064D384 /* Current State */ = {
			isa = PBXGroup;
			children = (
				19A0460224326FD50064D384 /* CurrentStateView.swift */,
			);
			path = "Current State";
			sourceTree = "<group>";
		};
/* End PBXGroup section */

/* Begin PBXNativeTarget section */
		194ABCCF243000370052F103 /* InformateEnCasa */ = {
			isa = PBXNativeTarget;
			buildConfigurationList = 194ABCE42430003A0052F103 /* Build configuration list for PBXNativeTarget "InformateEnCasa" */;
			buildPhases = (
				194ABCCC243000370052F103 /* Sources */,
				194ABCCD243000370052F103 /* Frameworks */,
				194ABCCE243000370052F103 /* Resources */,
			);
			buildRules = (
			);
			dependencies = (
			);
			name = InformateEnCasa;
			productName = InformateEnCasa;
			productReference = 194ABCD0243000370052F103 /* InformateEnCasa.app */;
			productType = "com.apple.product-type.application";
		};
/* End PBXNativeTarget section */

/* Begin PBXProject section */
		194ABCC8243000370052F103 /* Project object */ = {
			isa = PBXProject;
			attributes = {
				LastSwiftUpdateCheck = 1140;
				LastUpgradeCheck = 1140;
				ORGANIZATIONNAME = "Cristian Espes";
				TargetAttributes = {
					194ABCCF243000370052F103 = {
						CreatedOnToolsVersion = 11.4;
					};
				};
			};
			buildConfigurationList = 194ABCCB243000370052F103 /* Build configuration list for PBXProject "InformateEnCasa" */;
			compatibilityVersion = "Xcode 9.3";
			developmentRegion = en;
			hasScannedForEncodings = 0;
			knownRegions = (
				en,
				Base,
			);
			mainGroup = 194ABCC7243000370052F103;
			productRefGroup = 194ABCD1243000370052F103 /* Products */;
			projectDirPath = "";
			projectRoot = "";
			targets = (
				194ABCCF243000370052F103 /* InformateEnCasa */,
			);
		};
/* End PBXProject section */

/* Begin PBXResourcesBuildPhase section */
		194ABCCE243000370052F103 /* Resources */ = {
			isa = PBXResourcesBuildPhase;
			buildActionMask = 2147483647;
			files = (
				194ABCE02430003A0052F103 /* LaunchScreen.storyboard in Resources */,
				194ABCDD2430003A0052F103 /* Preview Assets.xcassets in Resources */,
				194ABCDA2430003A0052F103 /* Assets.xcassets in Resources */,
			);
			runOnlyForDeploymentPostprocessing = 0;
		};
/* End PBXResourcesBuildPhase section */

/* Begin PBXSourcesBuildPhase section */
		194ABCCC243000370052F103 /* Sources */ = {
			isa = PBXSourcesBuildPhase;
			buildActionMask = 2147483647;
			files = (
				19A0460324326FD50064D384 /* CurrentStateView.swift in Sources */,
				19A04600243268D50064D384 /* EmergencyCallView.swift in Sources */,
				194ABCEA2430127D0052F103 /* Model.swift in Sources */,
				194ABCD4243000370052F103 /* AppDelegate.swift in Sources */,
				19A045FB243262DD0064D384 /* CSVManager.swift in Sources */,
				194ABCD6243000370052F103 /* SceneDelegate.swift in Sources */,
				19A045FE243265740064D384 /* CardCCAAView.swift in Sources */,
				194ABCD8243000370052F103 /* ContentView.swift in Sources */,
			);
			runOnlyForDeploymentPostprocessing = 0;
		};
/* End PBXSourcesBuildPhase section */

/* Begin PBXVariantGroup section */
		194ABCDE2430003A0052F103 /* LaunchScreen.storyboard */ = {
			isa = PBXVariantGroup;
			children = (
				194ABCDF2430003A0052F103 /* Base */,
			);
			name = LaunchScreen.storyboard;
			sourceTree = "<group>";
		};
/* End PBXVariantGroup section */

/* Begin XCBuildConfiguration section */
		194ABCE22430003A0052F103 /* Debug */ = {
			isa = XCBuildConfiguration;
			buildSettings = {
				ALWAYS_SEARCH_USER_PATHS = NO;
				CLANG_ANALYZER_NONNULL = YES;
				CLANG_ANALYZER_NUMBER_OBJECT_CONVERSION = YES_AGGRESSIVE;
				CLANG_CXX_LANGUAGE_STANDARD = "gnu++14";
				CLANG_CXX_LIBRARY = "libc++";
				CLANG_ENABLE_MODULES = YES;
				CLANG_ENABLE_OBJC_ARC = YES;
				CLANG_ENABLE_OBJC_WEAK = YES;
				CLANG_WARN_BLOCK_CAPTURE_AUTORELEASING = YES;
				CLANG_WARN_BOOL_CONVERSION = YES;
				CLANG_WARN_COMMA = YES;
				CLANG_WARN_CONSTANT_CONVERSION = YES;
				CLANG_WARN_DEPRECATED_OBJC_IMPLEMENTATIONS = YES;
				CLANG_WARN_DIRECT_OBJC_ISA_USAGE = YES_ERROR;
				CLANG_WARN_DOCUMENTATION_COMMENTS = YES;
				CLANG_WARN_EMPTY_BODY = YES;
				CLANG_WARN_ENUM_CONVERSION = YES;
				CLANG_WARN_INFINITE_RECURSION = YES;
				CLANG_WARN_INT_CONVERSION = YES;
				CLANG_WARN_NON_LITERAL_NULL_CONVERSION = YES;
				CLANG_WARN_OBJC_IMPLICIT_RETAIN_SELF = YES;
				CLANG_WARN_OBJC_LITERAL_CONVERSION = YES;
				CLANG_WARN_OBJC_ROOT_CLASS = YES_ERROR;
				CLANG_WARN_RANGE_LOOP_ANALYSIS = YES;
				CLANG_WARN_STRICT_PROTOTYPES = YES;
				CLANG_WARN_SUSPICIOUS_MOVE = YES;
				CLANG_WARN_UNGUARDED_AVAILABILITY = YES_AGGRESSIVE;
				CLANG_WARN_UNREACHABLE_CODE = YES;
				CLANG_WARN__DUPLICATE_METHOD_MATCH = YES;
				COPY_PHASE_STRIP = NO;
				DEBUG_INFORMATION_FORMAT = dwarf;
				ENABLE_STRICT_OBJC_MSGSEND = YES;
				ENABLE_TESTABILITY = YES;
				GCC_C_LANGUAGE_STANDARD = gnu11;
				GCC_DYNAMIC_NO_PIC = NO;
				GCC_NO_COMMON_BLOCKS = YES;
				GCC_OPTIMIZATION_LEVEL = 0;
				GCC_PREPROCESSOR_DEFINITIONS = (
					"DEBUG=1",
					"$(inherited)",
				);
				GCC_WARN_64_TO_32_BIT_CONVERSION = YES;
				GCC_WARN_ABOUT_RETURN_TYPE = YES_ERROR;
				GCC_WARN_UNDECLARED_SELECTOR = YES;
				GCC_WARN_UNINITIALIZED_AUTOS = YES_AGGRESSIVE;
				GCC_WARN_UNUSED_FUNCTION = YES;
				GCC_WARN_UNUSED_VARIABLE = YES;
				IPHONEOS_DEPLOYMENT_TARGET = 13.4;
				MTL_ENABLE_DEBUG_INFO = INCLUDE_SOURCE;
				MTL_FAST_MATH = YES;
				ONLY_ACTIVE_ARCH = YES;
				SDKROOT = iphoneos;
				SWIFT_ACTIVE_COMPILATION_CONDITIONS = DEBUG;
				SWIFT_OPTIMIZATION_LEVEL = "-Onone";
			};
			name = Debug;
		};
		194ABCE32430003A0052F103 /* Release */ = {
			isa = XCBuildConfiguration;
			buildSettings = {
				ALWAYS_SEARCH_USER_PATHS = NO;
				CLANG_ANALYZER_NONNULL = YES;
				CLANG_ANALYZER_NUMBER_OBJECT_CONVERSION = YES_AGGRESSIVE;
				CLANG_CXX_LANGUAGE_STANDARD = "gnu++14";
				CLANG_CXX_LIBRARY = "libc++";
				CLANG_ENABLE_MODULES = YES;
				CLANG_ENABLE_OBJC_ARC = YES;
				CLANG_ENABLE_OBJC_WEAK = YES;
				CLANG_WARN_BLOCK_CAPTURE_AUTORELEASING = YES;
				CLANG_WARN_BOOL_CONVERSION = YES;
				CLANG_WARN_COMMA = YES;
				CLANG_WARN_CONSTANT_CONVERSION = YES;
				CLANG_WARN_DEPRECATED_OBJC_IMPLEMENTATIONS = YES;
				CLANG_WARN_DIRECT_OBJC_ISA_USAGE = YES_ERROR;
				CLANG_WARN_DOCUMENTATION_COMMENTS = YES;
				CLANG_WARN_EMPTY_BODY = YES;
				CLANG_WARN_ENUM_CONVERSION = YES;
				CLANG_WARN_INFINITE_RECURSION = YES;
				CLANG_WARN_INT_CONVERSION = YES;
				CLANG_WARN_NON_LITERAL_NULL_CONVERSION = YES;
				CLANG_WARN_OBJC_IMPLICIT_RETAIN_SELF = YES;
				CLANG_WARN_OBJC_LITERAL_CONVERSION = YES;
				CLANG_WARN_OBJC_ROOT_CLASS = YES_ERROR;
				CLANG_WARN_RANGE_LOOP_ANALYSIS = YES;
				CLANG_WARN_STRICT_PROTOTYPES = YES;
				CLANG_WARN_SUSPICIOUS_MOVE = YES;
				CLANG_WARN_UNGUARDED_AVAILABILITY = YES_AGGRESSIVE;
				CLANG_WARN_UNREACHABLE_CODE = YES;
				CLANG_WARN__DUPLICATE_METHOD_MATCH = YES;
				COPY_PHASE_STRIP = NO;
				DEBUG_INFORMATION_FORMAT = "dwarf-with-dsym";
				ENABLE_NS_ASSERTIONS = NO;
				ENABLE_STRICT_OBJC_MSGSEND = YES;
				GCC_C_LANGUAGE_STANDARD = gnu11;
				GCC_NO_COMMON_BLOCKS = YES;
				GCC_WARN_64_TO_32_BIT_CONVERSION = YES;
				GCC_WARN_ABOUT_RETURN_TYPE = YES_ERROR;
				GCC_WARN_UNDECLARED_SELECTOR = YES;
				GCC_WARN_UNINITIALIZED_AUTOS = YES_AGGRESSIVE;
				GCC_WARN_UNUSED_FUNCTION = YES;
				GCC_WARN_UNUSED_VARIABLE = YES;
				IPHONEOS_DEPLOYMENT_TARGET = 13.4;
				MTL_ENABLE_DEBUG_INFO = NO;
				MTL_FAST_MATH = YES;
				SDKROOT = iphoneos;
				SWIFT_COMPILATION_MODE = wholemodule;
				SWIFT_OPTIMIZATION_LEVEL = "-O";
				VALIDATE_PRODUCT = YES;
			};
			name = Release;
		};
		194ABCE52430003A0052F103 /* Debug */ = {
			isa = XCBuildConfiguration;
			buildSettings = {
				ASSETCATALOG_COMPILER_APPICON_NAME = AppIcon;
				CODE_SIGN_STYLE = Automatic;
				DEVELOPMENT_ASSET_PATHS = "\"InformateEnCasa/Preview Content\"";
				DEVELOPMENT_TEAM = PMY79A3SW7;
				ENABLE_PREVIEWS = YES;
				INFOPLIST_FILE = InformateEnCasa/Info.plist;
				IPHONEOS_DEPLOYMENT_TARGET = 13.0;
				LD_RUNPATH_SEARCH_PATHS = (
					"$(inherited)",
					"@executable_path/Frameworks",
				);
				PRODUCT_BUNDLE_IDENTIFIER = com.celapps.informateencasa;
				PRODUCT_NAME = "$(TARGET_NAME)";
				SWIFT_VERSION = 5.0;
				TARGETED_DEVICE_FAMILY = "1,2";
			};
			name = Debug;
		};
		194ABCE62430003A0052F103 /* Release */ = {
			isa = XCBuildConfiguration;
			buildSettings = {
				ASSETCATALOG_COMPILER_APPICON_NAME = AppIcon;
				CODE_SIGN_STYLE = Automatic;
				DEVELOPMENT_ASSET_PATHS = "\"InformateEnCasa/Preview Content\"";
				DEVELOPMENT_TEAM = PMY79A3SW7;
				ENABLE_PREVIEWS = YES;
				INFOPLIST_FILE = InformateEnCasa/Info.plist;
				IPHONEOS_DEPLOYMENT_TARGET = 13.0;
				LD_RUNPATH_SEARCH_PATHS = (
					"$(inherited)",
					"@executable_path/Frameworks",
				);
				PRODUCT_BUNDLE_IDENTIFIER = com.celapps.informateencasa;
				PRODUCT_NAME = "$(TARGET_NAME)";
				SWIFT_VERSION = 5.0;
				TARGETED_DEVICE_FAMILY = "1,2";
			};
			name = Release;
		};
/* End XCBuildConfiguration section */

/* Begin XCConfigurationList section */
		194ABCCB243000370052F103 /* Build configuration list for PBXProject "InformateEnCasa" */ = {
			isa = XCConfigurationList;
			buildConfigurations = (
				194ABCE22430003A0052F103 /* Debug */,
				194ABCE32430003A0052F103 /* Release */,
			);
			defaultConfigurationIsVisible = 0;
			defaultConfigurationName = Release;
		};
		194ABCE42430003A0052F103 /* Build configuration list for PBXNativeTarget "InformateEnCasa" */ = {
			isa = XCConfigurationList;
			buildConfigurations = (
				194ABCE52430003A0052F103 /* Debug */,
				194ABCE62430003A0052F103 /* Release */,
			);
			defaultConfigurationIsVisible = 0;
			defaultConfigurationName = Release;
		};
/* End XCConfigurationList section */
	};
	rootObject = 194ABCC8243000370052F103 /* Project object */;
}
